
Microsoft Visual Studio Solution File, Format Version 12.00
# Visual Studio Version 17
VisualStudioVersion = 17.14.36202.13
MinimumVisualStudioVersion = 10.0.40219.1
Project("{2150E333-8FDC-42A3-9474-1A3956D46DE8}") = "01. Components", "01. Components", "{02EA681E-C7D8-13C7-8484-4AC65E1B71E8}"
EndProject
Project("{2150E333-8FDC-42A3-9474-1A3956D46DE8}") = "02. Modules", "02. Modules", "{9C4B5587-0FA6-4AF4-B261-71C97AF2A7DC}"
EndProject
Project("{2150E333-8FDC-42A3-9474-1A3956D46DE8}") = "03. Misc", "03. Misc", "{1BD80542-AC11-4E0D-A4ED-33603674FE12}"
EndProject
Project("{2150E333-8FDC-42A3-9474-1A3956D46DE8}") = "Mastering", "Mastering", "{0121144F-E309-40DD-87CE-6E64054C05BA}"
	ProjectSection(SolutionItems) = preProject
		Mastering\Language.props = Mastering\Language.props
		Mastering\NuGet.props = Mastering\NuGet.props
		Mastering\Version.props = Mastering\Version.props
	EndProjectSection
EndProject
Project("{2150E333-8FDC-42A3-9474-1A3956D46DE8}") = "Harness", "Harness", "{402AACC1-9750-4FB2-9DFD-101604315E9E}"
EndProject
Project("{FAE04EC0-301F-11D3-BF4B-00C04F79EFBC}") = "Gapotchenko.Shields.Cygwin.Deployment", "Gapotchenko.Shields.Cygwin.Deployment\Gapotchenko.Shields.Cygwin.Deployment.csproj", "{C73346BB-0D35-4189-AC15-5FA95E319DBF}"
EndProject
Project("{FAE04EC0-301F-11D3-BF4B-00C04F79EFBC}") = "Gapotchenko.Shields.Cygwin.Harness", "Gapotchenko.Shields.Cygwin.Harness\Gapotchenko.Shields.Cygwin.Harness.csproj", "{7AE6C3FB-8BDE-4C13-ABBC-6BA19E704926}"
EndProject
Global
	GlobalSection(SolutionConfigurationPlatforms) = preSolution
		Debug|Any CPU = Debug|Any CPU
		Release|Any CPU = Release|Any CPU
	EndGlobalSection
	GlobalSection(ProjectConfigurationPlatforms) = postSolution
		{C73346BB-0D35-4189-AC15-5FA95E319DBF}.Debug|Any CPU.ActiveCfg = Debug|Any CPU
		{C73346BB-0D35-4189-AC15-5FA95E319DBF}.Debug|Any CPU.Build.0 = Debug|Any CPU
		{C73346BB-0D35-4189-AC15-5FA95E319DBF}.Release|Any CPU.ActiveCfg = Release|Any CPU
		{C73346BB-0D35-4189-AC15-5FA95E319DBF}.Release|Any CPU.Build.0 = Release|Any CPU
		{7AE6C3FB-8BDE-4C13-ABBC-6BA19E704926}.Debug|Any CPU.ActiveCfg = Debug|Any CPU
		{7AE6C3FB-8BDE-4C13-ABBC-6BA19E704926}.Debug|Any CPU.Build.0 = Debug|Any CPU
		{7AE6C3FB-8BDE-4C13-ABBC-6BA19E704926}.Release|Any CPU.ActiveCfg = Release|Any CPU
		{7AE6C3FB-8BDE-4C13-ABBC-6BA19E704926}.Release|Any CPU.Build.0 = Release|Any CPU
	EndGlobalSection
	GlobalSection(SolutionProperties) = preSolution
		HideSolutionNode = FALSE
	EndGlobalSection
	GlobalSection(NestedProjects) = preSolution
		{0121144F-E309-40DD-87CE-6E64054C05BA} = {1BD80542-AC11-4E0D-A4ED-33603674FE12}
		{402AACC1-9750-4FB2-9DFD-101604315E9E} = {1BD80542-AC11-4E0D-A4ED-33603674FE12}
		{C73346BB-0D35-4189-AC15-5FA95E319DBF} = {9C4B5587-0FA6-4AF4-B261-71C97AF2A7DC}
		{7AE6C3FB-8BDE-4C13-ABBC-6BA19E704926} = {402AACC1-9750-4FB2-9DFD-101604315E9E}
	EndGlobalSection
	GlobalSection(ExtensibilityGlobals) = postSolution
		SolutionGuid = {6F706C0C-427A-4168-99CD-8AB4C4FCDC27}
	EndGlobalSection
EndGlobal
